
Microsoft Visual Studio Solution File, Format Version 12.00
Project("{FAE04EC0-301F-11D3-BF4B-00C04F79EFBC}") = "SixModLoader.Compatibility.Exiled", "SixModLoader.Compatibility.Exiled\SixModLoader.Compatibility.Exiled.csproj", "{D780FFC5-511E-44D8-B357-061D72F64629}"
EndProject
Global
	GlobalSection(SolutionConfigurationPlatforms) = preSolution
		Debug|Any CPU = Debug|Any CPU
		Release|Any CPU = Release|Any CPU
	EndGlobalSection
	GlobalSection(ProjectConfigurationPlatforms) = postSolution
		{D780FFC5-511E-44D8-B357-061D72F64629}.Debug|Any CPU.ActiveCfg = Debug|Any CPU
		{D780FFC5-511E-44D8-B357-061D72F64629}.Debug|Any CPU.Build.0 = Debug|Any CPU
		{D780FFC5-511E-44D8-B357-061D72F64629}.Release|Any CPU.ActiveCfg = Release|Any CPU
		{D780FFC5-511E-44D8-B357-061D72F64629}.Release|Any CPU.Build.0 = Release|Any CPU
	EndGlobalSection
EndGlobal
